
Microsoft Visual Studio Solution File, Format Version 12.00
# Visual Studio 15
VisualStudioVersion = 15.0.28307.329
MinimumVisualStudioVersion = 10.0.40219.1
Project("{FAE04EC0-301F-11D3-BF4B-00C04F79EFBC}") = "Vellonera", "Vellonera\Vellonera.csproj", "{4CD9CA74-6212-40FC-8244-709D3140E059}"
EndProject
Global
	GlobalSection(SolutionConfigurationPlatforms) = preSolution
		Debug|Any CPU = Debug|Any CPU
		Release|Any CPU = Release|Any CPU
	EndGlobalSection
	GlobalSection(ProjectConfigurationPlatforms) = postSolution
		{4CD9CA74-6212-40FC-8244-709D3140E059}.Debug|Any CPU.ActiveCfg = Debug|Any CPU
		{4CD9CA74-6212-40FC-8244-709D3140E059}.Debug|Any CPU.Build.0 = Debug|Any CPU
		{4CD9CA74-6212-40FC-8244-709D3140E059}.Release|Any CPU.ActiveCfg = Release|Any CPU
		{4CD9CA74-6212-40FC-8244-709D3140E059}.Release|Any CPU.Build.0 = Release|Any CPU
	EndGlobalSection
	GlobalSection(SolutionProperties) = preSolution
		HideSolutionNode = FALSE
	EndGlobalSection
	GlobalSection(ExtensibilityGlobals) = postSolution
		SolutionGuid = {8C15C6D3-F486-4742-BDE7-EF46DF050F5F}
	EndGlobalSection
EndGlobal
